
Microsoft Visual Studio Solution File, Format Version 12.00
# Visual Studio Version 17
VisualStudioVersion = 17.10.34902.84
MinimumVisualStudioVersion = 10.0.40219.1
Project("{FAE04EC0-301F-11D3-BF4B-00C04F79EFBC}") = "BuilderDesignPatternExample", "BuilderDesignPatternExample\BuilderDesignPatternExample.csproj", "{339845A4-8E80-468C-A0C6-86A83778EF20}"
EndProject
Global
	GlobalSection(SolutionConfigurationPlatforms) = preSolution
		Debug|Any CPU = Debug|Any CPU
		Release|Any CPU = Release|Any CPU
	EndGlobalSection
	GlobalSection(ProjectConfigurationPlatforms) = postSolution
		{339845A4-8E80-468C-A0C6-86A83778EF20}.Debug|Any CPU.ActiveCfg = Debug|Any CPU
		{339845A4-8E80-468C-A0C6-86A83778EF20}.Debug|Any CPU.Build.0 = Debug|Any CPU
		{339845A4-8E80-468C-A0C6-86A83778EF20}.Release|Any CPU.ActiveCfg = Release|Any CPU
		{339845A4-8E80-468C-A0C6-86A83778EF20}.Release|Any CPU.Build.0 = Release|Any CPU
	EndGlobalSection
	GlobalSection(SolutionProperties) = preSolution
		HideSolutionNode = FALSE
	EndGlobalSection
	GlobalSection(ExtensibilityGlobals) = postSolution
		SolutionGuid = {2005445E-7AB5-48E6-AD0C-CF081E28131C}
	EndGlobalSection
EndGlobal
